// !$*UTF8*$!
{
	archiveVersion = 1;
	classes = {
	};
	objectVersion = 77;
	objects = {

/* Begin PBXBuildFile section */
		E24FB8852EAAE47800DE254F /* WidgetKit.framework in Frameworks */ = {isa = PBXBuildFile; fileRef = E24FB8842EAAE47800DE254F /* WidgetKit.framework */; };
		E24FB8872EAAE47800DE254F /* SwiftUI.framework in Frameworks */ = {isa = PBXBuildFile; fileRef = E24FB8862EAAE47800DE254F /* SwiftUI.framework */; };
		E24FB8942EAAE47B00DE254F /* DripWidgetExtension.appex in Embed Foundation Extensions */ = {isa = PBXBuildFile; fileRef = E24FB8822EAAE47800DE254F /* DripWidgetExtension.appex */; settings = {ATTRIBUTES = (RemoveHeadersOnCopy, ); }; };
/* End PBXBuildFile section */

/* Begin PBXContainerItemProxy section */
		E24FB8922EAAE47B00DE254F /* PBXContainerItemProxy */ = {
			isa = PBXContainerItemProxy;
			containerPortal = E2CCDF2E2EA9E4E400DFE7A7 /* Project object */;
			proxyType = 1;
			remoteGlobalIDString = E24FB8812EAAE47800DE254F;
			remoteInfo = DripWidgetExtension;
		};
		E2CCDF482EA9E4E500DFE7A7 /* PBXContainerItemProxy */ = {
			isa = PBXContainerItemProxy;
			containerPortal = E2CCDF2E2EA9E4E400DFE7A7 /* Project object */;
			proxyType = 1;
			remoteGlobalIDString = E2CCDF352EA9E4E400DFE7A7;
			remoteInfo = Drip;
		};
		E2CCDF522EA9E4E500DFE7A7 /* PBXContainerItemProxy */ = {
			isa = PBXContainerItemProxy;
			containerPortal = E2CCDF2E2EA9E4E400DFE7A7 /* Project object */;
			proxyType = 1;
			remoteGlobalIDString = E2CCDF352EA9E4E400DFE7A7;
			remoteInfo = Drip;
		};
/* End PBXContainerItemProxy section */

/* Begin PBXCopyFilesBuildPhase section */
		E24FB8952EAAE47B00DE254F /* Embed Foundation Extensions */ = {
			isa = PBXCopyFilesBuildPhase;
			buildActionMask = 2147483647;
			dstPath = "";
			dstSubfolderSpec = 13;
			files = (
				E24FB8942EAAE47B00DE254F /* DripWidgetExtension.appex in Embed Foundation Extensions */,
			);
			name = "Embed Foundation Extensions";
			runOnlyForDeploymentPostprocessing = 0;
		};
/* End PBXCopyFilesBuildPhase section */

/* Begin PBXFileReference section */
		E24FB8822EAAE47800DE254F /* DripWidgetExtension.appex */ = {isa = PBXFileReference; explicitFileType = "wrapper.app-extension"; includeInIndex = 0; path = DripWidgetExtension.appex; sourceTree = BUILT_PRODUCTS_DIR; };
		E24FB8842EAAE47800DE254F /* WidgetKit.framework */ = {isa = PBXFileReference; lastKnownFileType = wrapper.framework; name = WidgetKit.framework; path = System/Library/Frameworks/WidgetKit.framework; sourceTree = SDKROOT; };
		E24FB8862EAAE47800DE254F /* SwiftUI.framework */ = {isa = PBXFileReference; lastKnownFileType = wrapper.framework; name = SwiftUI.framework; path = System/Library/Frameworks/SwiftUI.framework; sourceTree = SDKROOT; };
		E24FB89D2EAAE57000DE254F /* DripWidgetExtension.entitlements */ = {isa = PBXFileReference; lastKnownFileType = text.plist.entitlements; path = DripWidgetExtension.entitlements; sourceTree = "<group>"; };
		E2CCDF362EA9E4E400DFE7A7 /* Drip.app */ = {isa = PBXFileReference; explicitFileType = wrapper.application; includeInIndex = 0; path = Drip.app; sourceTree = BUILT_PRODUCTS_DIR; };
		E2CCDF472EA9E4E500DFE7A7 /* DripTests.xctest */ = {isa = PBXFileReference; explicitFileType = wrapper.cfbundle; includeInIndex = 0; path = DripTests.xctest; sourceTree = BUILT_PRODUCTS_DIR; };
		E2CCDF512EA9E4E500DFE7A7 /* DripUITests.xctest */ = {isa = PBXFileReference; explicitFileType = wrapper.cfbundle; includeInIndex = 0; path = DripUITests.xctest; sourceTree = BUILT_PRODUCTS_DIR; };
/* End PBXFileReference section */

/* Begin PBXFileSystemSynchronizedBuildFileExceptionSet section */
		E24FB8992EAAE47B00DE254F /* Exceptions for "DripWidget" folder in "DripWidgetExtension" target */ = {
			isa = PBXFileSystemSynchronizedBuildFileExceptionSet;
			membershipExceptions = (
				Info.plist,
			);
			target = E24FB8812EAAE47800DE254F /* DripWidgetExtension */;
		};
		E2CCDF592EA9E4E500DFE7A7 /* Exceptions for "Drip" folder in "Drip" target */ = {
			isa = PBXFileSystemSynchronizedBuildFileExceptionSet;
			membershipExceptions = (
				Info.plist,
			);
			target = E2CCDF352EA9E4E400DFE7A7 /* Drip */;
		};
/* End PBXFileSystemSynchronizedBuildFileExceptionSet section */

/* Begin PBXFileSystemSynchronizedRootGroup section */
		E24FB8882EAAE47800DE254F /* DripWidget */ = {
			isa = PBXFileSystemSynchronizedRootGroup;
			exceptions = (
				E24FB8992EAAE47B00DE254F /* Exceptions for "DripWidget" folder in "DripWidgetExtension" target */,
			);
			path = DripWidget;
			sourceTree = "<group>";
		};
		E2CCDF382EA9E4E400DFE7A7 /* Drip */ = {
			isa = PBXFileSystemSynchronizedRootGroup;
			exceptions = (
				E2CCDF592EA9E4E500DFE7A7 /* Exceptions for "Drip" folder in "Drip" target */,
			);
			path = Drip;
			sourceTree = "<group>";
		};
		E2CCDF4A2EA9E4E500DFE7A7 /* DripTests */ = {
			isa = PBXFileSystemSynchronizedRootGroup;
			path = DripTests;
			sourceTree = "<group>";
		};
		E2CCDF542EA9E4E500DFE7A7 /* DripUITests */ = {
			isa = PBXFileSystemSynchronizedRootGroup;
			path = DripUITests;
			sourceTree = "<group>";
		};
/* End PBXFileSystemSynchronizedRootGroup section */

/* Begin PBXFrameworksBuildPhase section */
		E24FB87F2EAAE47800DE254F /* Frameworks */ = {
			isa = PBXFrameworksBuildPhase;
			buildActionMask = 2147483647;
			files = (
				E24FB8872EAAE47800DE254F /* SwiftUI.framework in Frameworks */,
				E24FB8852EAAE47800DE254F /* WidgetKit.framework in Frameworks */,
			);
			runOnlyForDeploymentPostprocessing = 0;
		};
		E2CCDF332EA9E4E400DFE7A7 /* Frameworks */ = {
			isa = PBXFrameworksBuildPhase;
			buildActionMask = 2147483647;
			files = (
			);
			runOnlyForDeploymentPostprocessing = 0;
		};
		E2CCDF442EA9E4E500DFE7A7 /* Frameworks */ = {
			isa = PBXFrameworksBuildPhase;
			buildActionMask = 2147483647;
			files = (
			);
			runOnlyForDeploymentPostprocessing = 0;
		};
		E2CCDF4E2EA9E4E500DFE7A7 /* Frameworks */ = {
			isa = PBXFrameworksBuildPhase;
			buildActionMask = 2147483647;
			files = (
			);
			runOnlyForDeploymentPostprocessing = 0;
		};
/* End PBXFrameworksBuildPhase section */

/* Begin PBXGroup section */
		E24FB8832EAAE47800DE254F /* Frameworks */ = {
			isa = PBXGroup;
			children = (
				E24FB8842EAAE47800DE254F /* WidgetKit.framework */,
				E24FB8862EAAE47800DE254F /* SwiftUI.framework */,
			);
			name = Frameworks;
			sourceTree = "<group>";
		};
		E2CCDF2D2EA9E4E400DFE7A7 = {
			isa = PBXGroup;
			children = (
				E24FB89D2EAAE57000DE254F /* DripWidgetExtension.entitlements */,
				E2CCDF382EA9E4E400DFE7A7 /* Drip */,
				E2CCDF4A2EA9E4E500DFE7A7 /* DripTests */,
				E2CCDF542EA9E4E500DFE7A7 /* DripUITests */,
				E24FB8882EAAE47800DE254F /* DripWidget */,
				E24FB8832EAAE47800DE254F /* Frameworks */,
				E2CCDF372EA9E4E400DFE7A7 /* Products */,
			);
			sourceTree = "<group>";
		};
		E2CCDF372EA9E4E400DFE7A7 /* Products */ = {
			isa = PBXGroup;
			children = (
				E2CCDF362EA9E4E400DFE7A7 /* Drip.app */,
				E2CCDF472EA9E4E500DFE7A7 /* DripTests.xctest */,
				E2CCDF512EA9E4E500DFE7A7 /* DripUITests.xctest */,
				E24FB8822EAAE47800DE254F /* DripWidgetExtension.appex */,
			);
			name = Products;
			sourceTree = "<group>";
		};
/* End PBXGroup section */

/* Begin PBXNativeTarget section */
		E24FB8812EAAE47800DE254F /* DripWidgetExtension */ = {
			isa = PBXNativeTarget;
			buildConfigurationList = E24FB8982EAAE47B00DE254F /* Build configuration list for PBXNativeTarget "DripWidgetExtension" */;
			buildPhases = (
				E24FB87E2EAAE47800DE254F /* Sources */,
				E24FB87F2EAAE47800DE254F /* Frameworks */,
				E24FB8802EAAE47800DE254F /* Resources */,
			);
			buildRules = (
			);
			dependencies = (
			);
			fileSystemSynchronizedGroups = (
				E24FB8882EAAE47800DE254F /* DripWidget */,
			);
			name = DripWidgetExtension;
			packageProductDependencies = (
			);
			productName = DripWidgetExtension;
			productReference = E24FB8822EAAE47800DE254F /* DripWidgetExtension.appex */;
			productType = "com.apple.product-type.app-extension";
		};
		E2CCDF352EA9E4E400DFE7A7 /* Drip */ = {
			isa = PBXNativeTarget;
			buildConfigurationList = E2CCDF5A2EA9E4E500DFE7A7 /* Build configuration list for PBXNativeTarget "Drip" */;
			buildPhases = (
				E2CCDF322EA9E4E400DFE7A7 /* Sources */,
				E2CCDF332EA9E4E400DFE7A7 /* Frameworks */,
				E2CCDF342EA9E4E400DFE7A7 /* Resources */,
				E24FB8952EAAE47B00DE254F /* Embed Foundation Extensions */,
			);
			buildRules = (
			);
			dependencies = (
				E24FB8932EAAE47B00DE254F /* PBXTargetDependency */,
			);
			fileSystemSynchronizedGroups = (
				E2CCDF382EA9E4E400DFE7A7 /* Drip */,
			);
			name = Drip;
			packageProductDependencies = (
			);
			productName = Drip;
			productReference = E2CCDF362EA9E4E400DFE7A7 /* Drip.app */;
			productType = "com.apple.product-type.application";
		};
		E2CCDF462EA9E4E500DFE7A7 /* DripTests */ = {
			isa = PBXNativeTarget;
			buildConfigurationList = E2CCDF5F2EA9E4E500DFE7A7 /* Build configuration list for PBXNativeTarget "DripTests" */;
			buildPhases = (
				E2CCDF432EA9E4E500DFE7A7 /* Sources */,
				E2CCDF442EA9E4E500DFE7A7 /* Frameworks */,
				E2CCDF452EA9E4E500DFE7A7 /* Resources */,
			);
			buildRules = (
			);
			dependencies = (
				E2CCDF492EA9E4E500DFE7A7 /* PBXTargetDependency */,
			);
			fileSystemSynchronizedGroups = (
				E2CCDF4A2EA9E4E500DFE7A7 /* DripTests */,
			);
			name = DripTests;
			packageProductDependencies = (
			);
			productName = DripTests;
			productReference = E2CCDF472EA9E4E500DFE7A7 /* DripTests.xctest */;
			productType = "com.apple.product-type.bundle.unit-test";
		};
		E2CCDF502EA9E4E500DFE7A7 /* DripUITests */ = {
			isa = PBXNativeTarget;
			buildConfigurationList = E2CCDF622EA9E4E500DFE7A7 /* Build configuration list for PBXNativeTarget "DripUITests" */;
			buildPhases = (
				E2CCDF4D2EA9E4E500DFE7A7 /* Sources */,
				E2CCDF4E2EA9E4E500DFE7A7 /* Frameworks */,
				E2CCDF4F2EA9E4E500DFE7A7 /* Resources */,
			);
			buildRules = (
			);
			dependencies = (
				E2CCDF532EA9E4E500DFE7A7 /* PBXTargetDependency */,
			);
			fileSystemSynchronizedGroups = (
				E2CCDF542EA9E4E500DFE7A7 /* DripUITests */,
			);
			name = DripUITests;
			packageProductDependencies = (
			);
			productName = DripUITests;
			productReference = E2CCDF512EA9E4E500DFE7A7 /* DripUITests.xctest */;
			productType = "com.apple.product-type.bundle.ui-testing";
		};
/* End PBXNativeTarget section */

/* Begin PBXProject section */
		E2CCDF2E2EA9E4E400DFE7A7 /* Project object */ = {
			isa = PBXProject;
			attributes = {
				BuildIndependentTargetsInParallel = 1;
				LastSwiftUpdateCheck = 2600;
				LastUpgradeCheck = 2600;
				TargetAttributes = {
					E24FB8812EAAE47800DE254F = {
						CreatedOnToolsVersion = 26.0.1;
					};
					E2CCDF352EA9E4E400DFE7A7 = {
						CreatedOnToolsVersion = 26.0.1;
					};
					E2CCDF462EA9E4E500DFE7A7 = {
						CreatedOnToolsVersion = 26.0.1;
						TestTargetID = E2CCDF352EA9E4E400DFE7A7;
					};
					E2CCDF502EA9E4E500DFE7A7 = {
						CreatedOnToolsVersion = 26.0.1;
						TestTargetID = E2CCDF352EA9E4E400DFE7A7;
					};
				};
			};
			buildConfigurationList = E2CCDF312EA9E4E400DFE7A7 /* Build configuration list for PBXProject "Drip" */;
			developmentRegion = en;
			hasScannedForEncodings = 0;
			knownRegions = (
				en,
				Base,
			);
			mainGroup = E2CCDF2D2EA9E4E400DFE7A7;
			minimizedProjectReferenceProxies = 1;
			preferredProjectObjectVersion = 77;
			productRefGroup = E2CCDF372EA9E4E400DFE7A7 /* Products */;
			projectDirPath = "";
			projectRoot = "";
			targets = (
				E2CCDF352EA9E4E400DFE7A7 /* Drip */,
				E2CCDF462EA9E4E500DFE7A7 /* DripTests */,
				E2CCDF502EA9E4E500DFE7A7 /* DripUITests */,
				E24FB8812EAAE47800DE254F /* DripWidgetExtension */,
			);
		};
/* End PBXProject section */

/* Begin PBXResourcesBuildPhase section */
		E24FB8802EAAE47800DE254F /* Resources */ = {
			isa = PBXResourcesBuildPhase;
			buildActionMask = 2147483647;
			files = (
			);
			runOnlyForDeploymentPostprocessing = 0;
		};
		E2CCDF342EA9E4E400DFE7A7 /* Resources */ = {
			isa = PBXResourcesBuildPhase;
			buildActionMask = 2147483647;
			files = (
			);
			runOnlyForDeploymentPostprocessing = 0;
		};
		E2CCDF452EA9E4E500DFE7A7 /* Resources */ = {
			isa = PBXResourcesBuildPhase;
			buildActionMask = 2147483647;
			files = (
			);
			runOnlyForDeploymentPostprocessing = 0;
		};
		E2CCDF4F2EA9E4E500DFE7A7 /* Resources */ = {
			isa = PBXResourcesBuildPhase;
			buildActionMask = 2147483647;
			files = (
			);
			runOnlyForDeploymentPostprocessing = 0;
		};
/* End PBXResourcesBuildPhase section */

/* Begin PBXSourcesBuildPhase section */
		E24FB87E2EAAE47800DE254F /* Sources */ = {
			isa = PBXSourcesBuildPhase;
			buildActionMask = 2147483647;
			files = (
			);
			runOnlyForDeploymentPostprocessing = 0;
		};
		E2CCDF322EA9E4E400DFE7A7 /* Sources */ = {
			isa = PBXSourcesBuildPhase;
			buildActionMask = 2147483647;
			files = (
			);
			runOnlyForDeploymentPostprocessing = 0;
		};
		E2CCDF432EA9E4E500DFE7A7 /* Sources */ = {
			isa = PBXSourcesBuildPhase;
			buildActionMask = 2147483647;
			files = (
			);
			runOnlyForDeploymentPostprocessing = 0;
		};
		E2CCDF4D2EA9E4E500DFE7A7 /* Sources */ = {
			isa = PBXSourcesBuildPhase;
			buildActionMask = 2147483647;
			files = (
			);
			runOnlyForDeploymentPostprocessing = 0;
		};
/* End PBXSourcesBuildPhase section */

/* Begin PBXTargetDependency section */
		E24FB8932EAAE47B00DE254F /* PBXTargetDependency */ = {
			isa = PBXTargetDependency;
			target = E24FB8812EAAE47800DE254F /* DripWidgetExtension */;
			targetProxy = E24FB8922EAAE47B00DE254F /* PBXContainerItemProxy */;
		};
		E2CCDF492EA9E4E500DFE7A7 /* PBXTargetDependency */ = {
			isa = PBXTargetDependency;
			target = E2CCDF352EA9E4E400DFE7A7 /* Drip */;
			targetProxy = E2CCDF482EA9E4E500DFE7A7 /* PBXContainerItemProxy */;
		};
		E2CCDF532EA9E4E500DFE7A7 /* PBXTargetDependency */ = {
			isa = PBXTargetDependency;
			target = E2CCDF352EA9E4E400DFE7A7 /* Drip */;
			targetProxy = E2CCDF522EA9E4E500DFE7A7 /* PBXContainerItemProxy */;
		};
/* End PBXTargetDependency section */

/* Begin XCBuildConfiguration section */
		E24FB8962EAAE47B00DE254F /* Debug */ = {
			isa = XCBuildConfiguration;
			buildSettings = {
				ASSETCATALOG_COMPILER_GLOBAL_ACCENT_COLOR_NAME = AccentColor;
				ASSETCATALOG_COMPILER_WIDGET_BACKGROUND_COLOR_NAME = WidgetBackground;
				CODE_SIGN_ENTITLEMENTS = DripWidgetExtension.entitlements;
				CODE_SIGN_STYLE = Automatic;
				CURRENT_PROJECT_VERSION = 1;
				DEVELOPMENT_TEAM = 3EQ4PU3P2V;
				GENERATE_INFOPLIST_FILE = YES;
				INFOPLIST_FILE = DripWidget/Info.plist;
				INFOPLIST_KEY_CFBundleDisplayName = DripWidget;
				INFOPLIST_KEY_NSHumanReadableCopyright = "";
				LD_RUNPATH_SEARCH_PATHS = (
					"$(inherited)",
					"@executable_path/Frameworks",
					"@executable_path/../../Frameworks",
				);
				MARKETING_VERSION = 1.0;
				PRODUCT_BUNDLE_IDENTIFIER = com.ahmdrghb.Drip.DripWidget;
				PRODUCT_NAME = "$(TARGET_NAME)";
				SKIP_INSTALL = YES;
				STRING_CATALOG_GENERATE_SYMBOLS = YES;
				SWIFT_APPROACHABLE_CONCURRENCY = YES;
				SWIFT_EMIT_LOC_STRINGS = YES;
				SWIFT_UPCOMING_FEATURE_MEMBER_IMPORT_VISIBILITY = YES;
				SWIFT_VERSION = 5.0;
				TARGETED_DEVICE_FAMILY = "1,2";
			};
			name = Debug;
		};
		E24FB8972EAAE47B00DE254F /* Release */ = {
			isa = XCBuildConfiguration;
			buildSettings = {
				ASSETCATALOG_COMPILER_GLOBAL_ACCENT_COLOR_NAME = AccentColor;
				ASSETCATALOG_COMPILER_WIDGET_BACKGROUND_COLOR_NAME = WidgetBackground;
				CODE_SIGN_ENTITLEMENTS = DripWidgetExtension.entitlements;
				CODE_SIGN_STYLE = Automatic;
				CURRENT_PROJECT_VERSION = 1;
				DEVELOPMENT_TEAM = 3EQ4PU3P2V;
				GENERATE_INFOPLIST_FILE = YES;
				INFOPLIST_FILE = DripWidget/Info.plist;
				INFOPLIST_KEY_CFBundleDisplayName = DripWidget;
				INFOPLIST_KEY_NSHumanReadableCopyright = "";
				LD_RUNPATH_SEARCH_PATHS = (
					"$(inherited)",
					"@executable_path/Frameworks",
					"@executable_path/../../Frameworks",
				);
				MARKETING_VERSION = 1.0;
				PRODUCT_BUNDLE_IDENTIFIER = com.ahmdrghb.Drip.DripWidget;
				PRODUCT_NAME = "$(TARGET_NAME)";
				SKIP_INSTALL = YES;
				STRING_CATALOG_GENERATE_SYMBOLS = YES;
				SWIFT_APPROACHABLE_CONCURRENCY = YES;
				SWIFT_EMIT_LOC_STRINGS = YES;
				SWIFT_UPCOMING_FEATURE_MEMBER_IMPORT_VISIBILITY = YES;
				SWIFT_VERSION = 5.0;
				TARGETED_DEVICE_FAMILY = "1,2";
			};
			name = Release;
		};
		E2CCDF5B2EA9E4E500DFE7A7 /* Debug */ = {
			isa = XCBuildConfiguration;
			buildSettings = {
				ASSETCATALOG_COMPILER_APPICON_NAME = AppIcon;
				ASSETCATALOG_COMPILER_GLOBAL_ACCENT_COLOR_NAME = AccentColor;
				CODE_SIGN_ENTITLEMENTS = Drip/Drip.entitlements;
				CODE_SIGN_STYLE = Automatic;
				CURRENT_PROJECT_VERSION = 1;
				DEVELOPMENT_TEAM = 3EQ4PU3P2V;
				ENABLE_PREVIEWS = YES;
				GENERATE_INFOPLIST_FILE = YES;
				INFOPLIST_FILE = Drip/Info.plist;
				INFOPLIST_KEY_UIApplicationSceneManifest_Generation = YES;
				INFOPLIST_KEY_UIApplicationSupportsIndirectInputEvents = YES;
				INFOPLIST_KEY_UILaunchScreen_Generation = YES;
				INFOPLIST_KEY_UISupportedInterfaceOrientations_iPad = "UIInterfaceOrientationPortrait UIInterfaceOrientationPortraitUpsideDown UIInterfaceOrientationLandscapeLeft UIInterfaceOrientationLandscapeRight";
				INFOPLIST_KEY_UISupportedInterfaceOrientations_iPhone = "UIInterfaceOrientationPortrait UIInterfaceOrientationLandscapeLeft UIInterfaceOrientationLandscapeRight";
				LD_RUNPATH_SEARCH_PATHS = (
					"$(inherited)",
					"@executable_path/Frameworks",
				);
				MARKETING_VERSION = 1.0;
				PRODUCT_BUNDLE_IDENTIFIER = com.ahmdrghb.Drip;
				PRODUCT_NAME = "$(TARGET_NAME)";
				STRING_CATALOG_GENERATE_SYMBOLS = YES;
				SWIFT_APPROACHABLE_CONCURRENCY = YES;
				SWIFT_DEFAULT_ACTOR_ISOLATION = MainActor;
				SWIFT_EMIT_LOC_STRINGS = YES;
				SWIFT_UPCOMING_FEATURE_MEMBER_IMPORT_VISIBILITY = YES;
				SWIFT_VERSION = 5.0;
				TARGETED_DEVICE_FAMILY = "1,2";
			};
			name = Debug;
		};
		E2CCDF5C2EA9E4E500DFE7A7 /* Release */ = {
			isa = XCBuildConfiguration;
			buildSettings = {
				ASSETCATALOG_COMPILER_APPICON_NAME = AppIcon;
				ASSETCATALOG_COMPILER_GLOBAL_ACCENT_COLOR_NAME = AccentColor;
				CODE_SIGN_ENTITLEMENTS = Drip/Drip.entitlements;
				CODE_SIGN_STYLE = Automatic;
				CURRENT_PROJECT_VERSION = 1;
				DEVELOPMENT_TEAM = 3EQ4PU3P2V;
				ENABLE_PREVIEWS = YES;
				GENERATE_INFOPLIST_FILE = YES;
				INFOPLIST_FILE = Drip/Info.plist;
				INFOPLIST_KEY_UIApplicationSceneManifest_Generation = YES;
				INFOPLIST_KEY_UIApplicationSupportsIndirectInputEvents = YES;
				INFOPLIST_KEY_UILaunchScreen_Generation = YES;
				INFOPLIST_KEY_UISupportedInterfaceOrientations_iPad = "UIInterfaceOrientationPortrait UIInterfaceOrientationPortraitUpsideDown UIInterfaceOrientationLandscapeLeft UIInterfaceOrientationLandscapeRight";
				INFOPLIST_KEY_UISupportedInterfaceOrientations_iPhone = "UIInterfaceOrientationPortrait UIInterfaceOrientationLandscapeLeft UIInterfaceOrientationLandscapeRight";
				LD_RUNPATH_SEARCH_PATHS = (
					"$(inherited)",
					"@executable_path/Frameworks",
				);
				MARKETING_VERSION = 1.0;
				PRODUCT_BUNDLE_IDENTIFIER = com.ahmdrghb.Drip;
				PRODUCT_NAME = "$(TARGET_NAME)";
				STRING_CATALOG_GENERATE_SYMBOLS = YES;
				SWIFT_APPROACHABLE_CONCURRENCY = YES;
				SWIFT_DEFAULT_ACTOR_ISOLATION = MainActor;
				SWIFT_EMIT_LOC_STRINGS = YES;
				SWIFT_UPCOMING_FEATURE_MEMBER_IMPORT_VISIBILITY = YES;
				SWIFT_VERSION = 5.0;
				TARGETED_DEVICE_FAMILY = "1,2";
			};
			name = Release;
		};
		E2CCDF5D2EA9E4E500DFE7A7 /* Debug */ = {
			isa = XCBuildConfiguration;
			buildSettings = {
				ALWAYS_SEARCH_USER_PATHS = NO;
				ASSETCATALOG_COMPILER_GENERATE_SWIFT_ASSET_SYMBOL_EXTENSIONS = YES;
				CLANG_ANALYZER_NONNULL = YES;
				CLANG_ANALYZER_NUMBER_OBJECT_CONVERSION = YES_AGGRESSIVE;
				CLANG_CXX_LANGUAGE_STANDARD = "gnu++20";
				CLANG_ENABLE_MODULES = YES;
				CLANG_ENABLE_OBJC_ARC = YES;
				CLANG_ENABLE_OBJC_WEAK = YES;
				CLANG_WARN_BLOCK_CAPTURE_AUTORELEASING = YES;
				CLANG_WARN_BOOL_CONVERSION = YES;
				CLANG_WARN_COMMA = YES;
				CLANG_WARN_CONSTANT_CONVERSION = YES;
				CLANG_WARN_DEPRECATED_OBJC_IMPLEMENTATIONS = YES;
				CLANG_WARN_DIRECT_OBJC_ISA_USAGE = YES_ERROR;
				CLANG_WARN_DOCUMENTATION_COMMENTS = YES;
				CLANG_WARN_EMPTY_BODY = YES;
				CLANG_WARN_ENUM_CONVERSION = YES;
				CLANG_WARN_INFINITE_RECURSION = YES;
				CLANG_WARN_INT_CONVERSION = YES;
				CLANG_WARN_NON_LITERAL_NULL_CONVERSION = YES;
				CLANG_WARN_OBJC_IMPLICIT_RETAIN_SELF = YES;
				CLANG_WARN_OBJC_LITERAL_CONVERSION = YES;
				CLANG_WARN_OBJC_ROOT_CLASS = YES_ERROR;
				CLANG_WARN_QUOTED_INCLUDE_IN_FRAMEWORK_HEADER = YES;
				CLANG_WARN_RANGE_LOOP_ANALYSIS = YES;
				CLANG_WARN_STRICT_PROTOTYPES = YES;
				CLANG_WARN_SUSPICIOUS_MOVE = YES;
				CLANG_WARN_UNGUARDED_AVAILABILITY = YES_AGGRESSIVE;
				CLANG_WARN_UNREACHABLE_CODE = YES;
				CLANG_WARN__DUPLICATE_METHOD_MATCH = YES;
				COPY_PHASE_STRIP = NO;
				DEBUG_INFORMATION_FORMAT = dwarf;
				DEVELOPMENT_TEAM = 3EQ4PU3P2V;
				ENABLE_STRICT_OBJC_MSGSEND = YES;
				ENABLE_TESTABILITY = YES;
				ENABLE_USER_SCRIPT_SANDBOXING = YES;
				GCC_C_LANGUAGE_STANDARD = gnu17;
				GCC_DYNAMIC_NO_PIC = NO;
				GCC_NO_COMMON_BLOCKS = YES;
				GCC_OPTIMIZATION_LEVEL = 0;
				GCC_PREPROCESSOR_DEFINITIONS = (
					"DEBUG=1",
					"$(inherited)",
				);
				GCC_WARN_64_TO_32_BIT_CONVERSION = YES;
				GCC_WARN_ABOUT_RETURN_TYPE = YES_ERROR;
				GCC_WARN_UNDECLARED_SELECTOR = YES;
				GCC_WARN_UNINITIALIZED_AUTOS = YES_AGGRESSIVE;
				GCC_WARN_UNUSED_FUNCTION = YES;
				GCC_WARN_UNUSED_VARIABLE = YES;
				IPHONEOS_DEPLOYMENT_TARGET = 26.0;
				LOCALIZATION_PREFERS_STRING_CATALOGS = YES;
				MTL_ENABLE_DEBUG_INFO = INCLUDE_SOURCE;
				MTL_FAST_MATH = YES;
				ONLY_ACTIVE_ARCH = YES;
				SDKROOT = iphoneos;
				SWIFT_ACTIVE_COMPILATION_CONDITIONS = "DEBUG $(inherited)";
				SWIFT_OPTIMIZATION_LEVEL = "-Onone";
			};
			name = Debug;
		};
		E2CCDF5E2EA9E4E500DFE7A7 /* Release */ = {
			isa = XCBuildConfiguration;
			buildSettings = {
				ALWAYS_SEARCH_USER_PATHS = NO;
				ASSETCATALOG_COMPILER_GENERATE_SWIFT_ASSET_SYMBOL_EXTENSIONS = YES;
				CLANG_ANALYZER_NONNULL = YES;
				CLANG_ANALYZER_NUMBER_OBJECT_CONVERSION = YES_AGGRESSIVE;
				CLANG_CXX_LANGUAGE_STANDARD = "gnu++20";
				CLANG_ENABLE_MODULES = YES;
				CLANG_ENABLE_OBJC_ARC = YES;
				CLANG_ENABLE_OBJC_WEAK = YES;
				CLANG_WARN_BLOCK_CAPTURE_AUTORELEASING = YES;
				CLANG_WARN_BOOL_CONVERSION = YES;
				CLANG_WARN_COMMA = YES;
				CLANG_WARN_CONSTANT_CONVERSION = YES;
				CLANG_WARN_DEPRECATED_OBJC_IMPLEMENTATIONS = YES;
				CLANG_WARN_DIRECT_OBJC_ISA_USAGE = YES_ERROR;
				CLANG_WARN_DOCUMENTATION_COMMENTS = YES;
				CLANG_WARN_EMPTY_BODY = YES;
				CLANG_WARN_ENUM_CONVERSION = YES;
				CLANG_WARN_INFINITE_RECURSION = YES;
				CLANG_WARN_INT_CONVERSION = YES;
				CLANG_WARN_NON_LITERAL_NULL_CONVERSION = YES;
				CLANG_WARN_OBJC_IMPLICIT_RETAIN_SELF = YES;
				CLANG_WARN_OBJC_LITERAL_CONVERSION = YES;
				CLANG_WARN_OBJC_ROOT_CLASS = YES_ERROR;
				CLANG_WARN_QUOTED_INCLUDE_IN_FRAMEWORK_HEADER = YES;
				CLANG_WARN_RANGE_LOOP_ANALYSIS = YES;
				CLANG_WARN_STRICT_PROTOTYPES = YES;
				CLANG_WARN_SUSPICIOUS_MOVE = YES;
				CLANG_WARN_UNGUARDED_AVAILABILITY = YES_AGGRESSIVE;
				CLANG_WARN_UNREACHABLE_CODE = YES;
				CLANG_WARN__DUPLICATE_METHOD_MATCH = YES;
				COPY_PHASE_STRIP = NO;
				DEBUG_INFORMATION_FORMAT = "dwarf-with-dsym";
				DEVELOPMENT_TEAM = 3EQ4PU3P2V;
				ENABLE_NS_ASSERTIONS = NO;
				ENABLE_STRICT_OBJC_MSGSEND = YES;
				ENABLE_USER_SCRIPT_SANDBOXING = YES;
				GCC_C_LANGUAGE_STANDARD = gnu17;
				GCC_NO_COMMON_BLOCKS = YES;
				GCC_WARN_64_TO_32_BIT_CONVERSION = YES;
				GCC_WARN_ABOUT_RETURN_TYPE = YES_ERROR;
				GCC_WARN_UNDECLARED_SELECTOR = YES;
				GCC_WARN_UNINITIALIZED_AUTOS = YES_AGGRESSIVE;
				GCC_WARN_UNUSED_FUNCTION = YES;
				GCC_WARN_UNUSED_VARIABLE = YES;
				IPHONEOS_DEPLOYMENT_TARGET = 26.0;
				LOCALIZATION_PREFERS_STRING_CATALOGS = YES;
				MTL_ENABLE_DEBUG_INFO = NO;
				MTL_FAST_MATH = YES;
				SDKROOT = iphoneos;
				SWIFT_COMPILATION_MODE = wholemodule;
				VALIDATE_PRODUCT = YES;
			};
			name = Release;
		};
		E2CCDF602EA9E4E500DFE7A7 /* Debug */ = {
			isa = XCBuildConfiguration;
			buildSettings = {
				BUNDLE_LOADER = "$(TEST_HOST)";
				CODE_SIGN_STYLE = Automatic;
				CURRENT_PROJECT_VERSION = 1;
				DEVELOPMENT_TEAM = 3EQ4PU3P2V;
				GENERATE_INFOPLIST_FILE = YES;
				IPHONEOS_DEPLOYMENT_TARGET = 26.0;
				MARKETING_VERSION = 1.0;
				PRODUCT_BUNDLE_IDENTIFIER = com.ahmdrghb.DripTests;
				PRODUCT_NAME = "$(TARGET_NAME)";
				STRING_CATALOG_GENERATE_SYMBOLS = NO;
				SWIFT_APPROACHABLE_CONCURRENCY = YES;
				SWIFT_EMIT_LOC_STRINGS = NO;
				SWIFT_UPCOMING_FEATURE_MEMBER_IMPORT_VISIBILITY = YES;
				SWIFT_VERSION = 5.0;
				TARGETED_DEVICE_FAMILY = "1,2";
				TEST_HOST = "$(BUILT_PRODUCTS_DIR)/Drip.app/$(BUNDLE_EXECUTABLE_FOLDER_PATH)/Drip";
			};
			name = Debug;
		};
		E2CCDF612EA9E4E500DFE7A7 /* Release */ = {
			isa = XCBuildConfiguration;
			buildSettings = {
				BUNDLE_LOADER = "$(TEST_HOST)";
				CODE_SIGN_STYLE = Automatic;
				CURRENT_PROJECT_VERSION = 1;
				DEVELOPMENT_TEAM = 3EQ4PU3P2V;
				GENERATE_INFOPLIST_FILE = YES;
				IPHONEOS_DEPLOYMENT_TARGET = 26.0;
				MARKETING_VERSION = 1.0;
				PRODUCT_BUNDLE_IDENTIFIER = com.ahmdrghb.DripTests;
				PRODUCT_NAME = "$(TARGET_NAME)";
				STRING_CATALOG_GENERATE_SYMBOLS = NO;
				SWIFT_APPROACHABLE_CONCURRENCY = YES;
				SWIFT_EMIT_LOC_STRINGS = NO;
				SWIFT_UPCOMING_FEATURE_MEMBER_IMPORT_VISIBILITY = YES;
				SWIFT_VERSION = 5.0;
				TARGETED_DEVICE_FAMILY = "1,2";
				TEST_HOST = "$(BUILT_PRODUCTS_DIR)/Drip.app/$(BUNDLE_EXECUTABLE_FOLDER_PATH)/Drip";
			};
			name = Release;
		};
		E2CCDF632EA9E4E500DFE7A7 /* Debug */ = {
			isa = XCBuildConfiguration;
			buildSettings = {
				CODE_SIGN_STYLE = Automatic;
				CURRENT_PROJECT_VERSION = 1;
				DEVELOPMENT_TEAM = 3EQ4PU3P2V;
				GENERATE_INFOPLIST_FILE = YES;
				MARKETING_VERSION = 1.0;
				PRODUCT_BUNDLE_IDENTIFIER = com.ahmdrghb.DripUITests;
				PRODUCT_NAME = "$(TARGET_NAME)";
				STRING_CATALOG_GENERATE_SYMBOLS = NO;
				SWIFT_APPROACHABLE_CONCURRENCY = YES;
				SWIFT_EMIT_LOC_STRINGS = NO;
				SWIFT_UPCOMING_FEATURE_MEMBER_IMPORT_VISIBILITY = YES;
				SWIFT_VERSION = 5.0;
				TARGETED_DEVICE_FAMILY = "1,2";
				TEST_TARGET_NAME = Drip;
			};
			name = Debug;
		};
		E2CCDF642EA9E4E500DFE7A7 /* Release */ = {
			isa = XCBuildConfiguration;
			buildSettings = {
				CODE_SIGN_STYLE = Automatic;
				CURRENT_PROJECT_VERSION = 1;
				DEVELOPMENT_TEAM = 3EQ4PU3P2V;
				GENERATE_INFOPLIST_FILE = YES;
				MARKETING_VERSION = 1.0;
				PRODUCT_BUNDLE_IDENTIFIER = com.ahmdrghb.DripUITests;
				PRODUCT_NAME = "$(TARGET_NAME)";
				STRING_CATALOG_GENERATE_SYMBOLS = NO;
				SWIFT_APPROACHABLE_CONCURRENCY = YES;
				SWIFT_EMIT_LOC_STRINGS = NO;
				SWIFT_UPCOMING_FEATURE_MEMBER_IMPORT_VISIBILITY = YES;
				SWIFT_VERSION = 5.0;
				TARGETED_DEVICE_FAMILY = "1,2";
				TEST_TARGET_NAME = Drip;
			};
			name = Release;
		};
/* End XCBuildConfiguration section */

/* Begin XCConfigurationList section */
		E24FB8982EAAE47B00DE254F /* Build configuration list for PBXNativeTarget "DripWidgetExtension" */ = {
			isa = XCConfigurationList;
			buildConfigurations = (
				E24FB8962EAAE47B00DE254F /* Debug */,
				E24FB8972EAAE47B00DE254F /* Release */,
			);
			defaultConfigurationIsVisible = 0;
			defaultConfigurationName = Release;
		};
		E2CCDF312EA9E4E400DFE7A7 /* Build configuration list for PBXProject "Drip" */ = {
			isa = XCConfigurationList;
			buildConfigurations = (
				E2CCDF5D2EA9E4E500DFE7A7 /* Debug */,
				E2CCDF5E2EA9E4E500DFE7A7 /* Release */,
			);
			defaultConfigurationIsVisible = 0;
			defaultConfigurationName = Release;
		};
		E2CCDF5A2EA9E4E500DFE7A7 /* Build configuration list for PBXNativeTarget "Drip" */ = {
			isa = XCConfigurationList;
			buildConfigurations = (
				E2CCDF5B2EA9E4E500DFE7A7 /* Debug */,
				E2CCDF5C2EA9E4E500DFE7A7 /* Release */,
			);
			defaultConfigurationIsVisible = 0;
			defaultConfigurationName = Release;
		};
		E2CCDF5F2EA9E4E500DFE7A7 /* Build configuration list for PBXNativeTarget "DripTests" */ = {
			isa = XCConfigurationList;
			buildConfigurations = (
				E2CCDF602EA9E4E500DFE7A7 /* Debug */,
				E2CCDF612EA9E4E500DFE7A7 /* Release */,
			);
			defaultConfigurationIsVisible = 0;
			defaultConfigurationName = Release;
		};
		E2CCDF622EA9E4E500DFE7A7 /* Build configuration list for PBXNativeTarget "DripUITests" */ = {
			isa = XCConfigurationList;
			buildConfigurations = (
				E2CCDF632EA9E4E500DFE7A7 /* Debug */,
				E2CCDF642EA9E4E500DFE7A7 /* Release */,
			);
			defaultConfigurationIsVisible = 0;
			defaultConfigurationName = Release;
		};
/* End XCConfigurationList section */
	};
	rootObject = E2CCDF2E2EA9E4E400DFE7A7 /* Project object */;
}
